#MicroXplorer Configuration settings - do not modify
ADC1.Channel-1\#ChannelRegularConversion=ADC_CHANNEL_2
ADC1.Channel-2\#ChannelRegularConversion=ADC_CHANNEL_8
ADC1.ClockPrescaler=ADC_CLOCK_SYNC_PCLK_DIV1
ADC1.ContinuousConvMode=DISABLE
ADC1.DMAContinuousRequests=DISABLE
ADC1.DataAlign=ADC_DATAALIGN_LEFT
ADC1.DiscontinuousConvMode=DISABLE
ADC1.EOCSelection=ADC_EOC_SINGLE_CONV
ADC1.EnableAnalogWatchDog1=false
ADC1.EnableAnalogWatchDog2=false
ADC1.EnableAnalogWatchDog3=false
ADC1.EnableInjectedConversion=ENABLE
ADC1.EnableRegularConversion=ENABLE
ADC1.ExternalTrigConv=ADC_SOFTWARE_START
ADC1.ExternalTrigConvEdge=ADC_EXTERNALTRIGCONVEDGE_NONE
ADC1.ExternalTrigInjecConv=ADC_EXTERNALTRIGINJECCONV_T1_TRGO
ADC1.ExternalTrigInjecConvEdge=ADC_EXTERNALTRIGINJECCONV_EDGE_RISING
ADC1.IPParameters=ClockPrescaler,DataAlign,Resolution,ContinuousConvMode,DiscontinuousConvMode,DMAContinuousRequests,EOCSelection,Overrun,LowPowerAutoWait,master,EnableAnalogWatchDog1,EnableAnalogWatchDog2,EnableAnalogWatchDog3,EnableInjectedConversion,InjectedConvMode,ExternalTrigInjecConv,ExternalTrigInjecConvEdge,InjNumberOfConversion,QueueInjectedContext,InjectedRank-1\#ChannelInjectedConversion,InjectedChannel-1\#ChannelInjectedConversion,InjectedSamplingTime-1\#ChannelInjectedConversion,InjectedOffsetNumber-1\#ChannelInjectedConversion,InjectedOffset-1\#ChannelInjectedConversion,InjectedRank-2\#ChannelInjectedConversion,InjectedChannel-2\#ChannelInjectedConversion,InjectedSamplingTime-2\#ChannelInjectedConversion,InjectedOffsetNumber-2\#ChannelInjectedConversion,InjectedOffset-2\#ChannelInjectedConversion,InjectedRank-3\#ChannelInjectedConversion,InjectedChannel-3\#ChannelInjectedConversion,InjectedSamplingTime-3\#ChannelInjectedConversion,InjectedOffsetNumber-3\#ChannelInjectedConversion,InjectedOffset-3\#ChannelInjectedConversion,EnableRegularConversion,ExternalTrigConv,ExternalTrigConvEdge,ScanConvMode,NbrOfConversionFlag,NbrOfConversion,Rank-1\#ChannelRegularConversion,Channel-1\#ChannelRegularConversion,SamplingTime-1\#ChannelRegularConversion,OffsetNumber-1\#ChannelRegularConversion,Offset-1\#ChannelRegularConversion,Rank-2\#ChannelRegularConversion,Channel-2\#ChannelRegularConversion,SamplingTime-2\#ChannelRegularConversion,OffsetNumber-2\#ChannelRegularConversion,Offset-2\#ChannelRegularConversion,SubFamily
ADC1.InjNumberOfConversion=3
ADC1.InjectedChannel-1\#ChannelInjectedConversion=ADC_CHANNEL_1
ADC1.InjectedChannel-2\#ChannelInjectedConversion=ADC_CHANNEL_7
ADC1.InjectedChannel-3\#ChannelInjectedConversion=ADC_CHANNEL_6
ADC1.InjectedConvMode=None
ADC1.InjectedOffset-1\#ChannelInjectedConversion=0
ADC1.InjectedOffset-2\#ChannelInjectedConversion=0
ADC1.InjectedOffset-3\#ChannelInjectedConversion=0
ADC1.InjectedOffsetNumber-1\#ChannelInjectedConversion=ADC_OFFSET_NONE
ADC1.InjectedOffsetNumber-2\#ChannelInjectedConversion=ADC_OFFSET_NONE
ADC1.InjectedOffsetNumber-3\#ChannelInjectedConversion=ADC_OFFSET_NONE
ADC1.InjectedRank-1\#ChannelInjectedConversion=1
ADC1.InjectedRank-2\#ChannelInjectedConversion=2
ADC1.InjectedRank-3\#ChannelInjectedConversion=3
ADC1.InjectedSamplingTime-1\#ChannelInjectedConversion=ADC_SAMPLETIME_19CYCLES_5
ADC1.InjectedSamplingTime-2\#ChannelInjectedConversion=ADC_SAMPLETIME_19CYCLES_5
ADC1.InjectedSamplingTime-3\#ChannelInjectedConversion=ADC_SAMPLETIME_19CYCLES_5
ADC1.LowPowerAutoWait=DISABLE
ADC1.NbrOfConversion=2
ADC1.NbrOfConversionFlag=1
ADC1.Offset-1\#ChannelRegularConversion=0
ADC1.Offset-2\#ChannelRegularConversion=0
ADC1.OffsetNumber-1\#ChannelRegularConversion=ADC_OFFSET_NONE
ADC1.OffsetNumber-2\#ChannelRegularConversion=ADC_OFFSET_NONE
ADC1.Overrun=ADC_OVR_DATA_PRESERVED
ADC1.QueueInjectedContext=ENABLE
ADC1.Rank-1\#ChannelRegularConversion=1
ADC1.Rank-2\#ChannelRegularConversion=2
ADC1.Resolution=ADC_RESOLUTION_12B
ADC1.SamplingTime-1\#ChannelRegularConversion=ADC_SAMPLETIME_181CYCLES_5
ADC1.SamplingTime-2\#ChannelRegularConversion=ADC_SAMPLETIME_181CYCLES_5
ADC1.ScanConvMode=ADC_SCAN_ENABLE
ADC1.SubFamily=STM32F302x8
ADC1.master=1
CAD.formats=
CAD.pinconfig=
CAD.provider=
CAN.CalculateBaudRate=249999
CAN.CalculateTimeBit=4000
CAN.CalculateTimeQuantum=1333.3333333333335
CAN.IPParameters=CalculateTimeQuantum,CalculateTimeBit,CalculateBaudRate,Prescaler
CAN.Prescaler=48
ExtraMW=MotorControl
ExtraMW.MotorControl.Config=MotorControl
ExtraMW.MotorControl.Mode=MotorControl
ExtraMW.MotorControl.Root=MCSDK_v6.3.1-Full/MotorControl
ExtraMW.MotorControl.Template=templates
File.Version=6
KeepUserPlacement=false
Mcu.CPN=STM32F302R8T6
Mcu.Family=STM32F3
Mcu.IP0=ADC1
Mcu.IP1=CAN
Mcu.IP2=MotorControl
Mcu.IP3=NVIC
Mcu.IP4=RCC
Mcu.IP5=SYS
Mcu.IP6=TIM1
Mcu.IP7=USART2
Mcu.IPNb=8
Mcu.Name=STM32F302R(6-8)Tx
Mcu.Package=LQFP64
Mcu.Pin0=PC13
Mcu.Pin1=PF0-OSC_IN
Mcu.Pin10=PA6
Mcu.Pin11=PA8
Mcu.Pin12=PA9
Mcu.Pin13=PA10
Mcu.Pin14=PA11
Mcu.Pin15=PA12
Mcu.Pin16=PA13
Mcu.Pin17=PA14
Mcu.Pin18=PC10
Mcu.Pin19=PC11
Mcu.Pin2=PF1-OSC_OUT
Mcu.Pin20=PC12
Mcu.Pin21=VP_SYS_VS_Systick
Mcu.Pin22=VP_TIM1_VS_no_output4
Mcu.Pin23=VP_MotorControl_MC_ENABLED
Mcu.Pin3=PC0
Mcu.Pin4=PC1
Mcu.Pin5=PC2
Mcu.Pin6=PA0
Mcu.Pin7=PA1
Mcu.Pin8=PA2
Mcu.Pin9=PA3
Mcu.PinsNb=24
Mcu.ThirdPartyNb=0
Mcu.UserConstants=
Mcu.UserName=STM32F302R8Tx
MotorControl.ADC_AHBPERIPH=RCC_AHBPeriph_ADC1
MotorControl.ADC_CLOCK_WB_DIV=1
MotorControl.ADC_PERIPH=ADC1
MotorControl.ADC_REFERENCE_VOLTAGE=3.3
MotorControl.BOARD=NUCLEO-F302R8
MotorControl.BUS_VOLTAGE_READING=true
MotorControl.CCMRAM_ENABLED=false
MotorControl.CLOCK_FREQUENCY=CPU_CLK_72_MHZ
MotorControl.CLOCK_SOURCE=EXTERNAL
MotorControl.CPU_CLK_72_MHZ=true
MotorControl.CTLBOARD_NAME=NUCLEO-F302R8
MotorControl.CUBE_MX_VER=6.12.0
MotorControl.CURRENT_READING_TOPOLOGY=THREE_SHUNT
MotorControl.CURR_SAMPLING_TIME=19
MotorControl.DBG_MCU_LOAD_MEASURE=false
MotorControl.DEBUG_DAC_FUNCTIONALITY_EN=false
MotorControl.DP_EMERGENCY_STOP_GPIO_PIN=LL_GPIO_PIN_6
MotorControl.DP_EMERGENCY_STOP_GPIO_PORT=GPIOA
MotorControl.DRIVES_NUMBER_SELECTION=SINGLEDRIVE
MotorControl.DRIVE_NUMBER=1
MotorControl.DRIVE_TYPE=FOC
MotorControl.ENCODER_AVAILABLE=false
MotorControl.ENCODER_PPR=400
MotorControl.EXT_CLK_8_MHZ=true
MotorControl.EXT_CLOCK_FREQUENCY=EXT_CLK_8_MHZ
MotorControl.FEEDBACK_NET_FILTERING=false
MotorControl.FLASH_SIZE=64
MotorControl.HALL_SENSORS_AVAILABLE=false
MotorControl.HIGH_SIDE_IDLE_STATE=false
MotorControl.HWV_CS=ThreeShunt_AmplifiedCurrents
MotorControl.HWV_DP=SingleErrorTrigger_FixedReference
MotorControl.HWV_PWM=DrivingHighSidesAndThreeEnables
MotorControl.HW_COMPLEMENTED_LOW_SIDE=true
MotorControl.HW_DEAD_TIME_NS=1000
MotorControl.IPParameters=ADC_AHBPERIPH,ADC_CLOCK_WB_DIV,ADC_PERIPH,ADC_REFERENCE_VOLTAGE,BOARD,BUS_VOLTAGE_READING,CCMRAM_ENABLED,CLOCK_FREQUENCY,CLOCK_SOURCE,CPU_CLK_72_MHZ,CTLBOARD_NAME,CUBE_MX_VER,CURR_SAMPLING_TIME,CURRENT_READING_TOPOLOGY,DBG_MCU_LOAD_MEASURE,DEBUG_DAC_FUNCTIONALITY_EN,DP_EMERGENCY_STOP_GPIO_PIN,DP_EMERGENCY_STOP_GPIO_PORT,DRIVE_NUMBER,DRIVE_TYPE,DRIVES_NUMBER_SELECTION,ENCODER_AVAILABLE,ENCODER_PPR,EXT_CLK_8_MHZ,EXT_CLOCK_FREQUENCY,FEEDBACK_NET_FILTERING,FLASH_SIZE,HALL_SENSORS_AVAILABLE,HIGH_SIDE_IDLE_STATE,HW_COMPLEMENTED_LOW_SIDE,HW_DEAD_TIME_NS,HWV_CS,HWV_DP,HWV_PWM,IPs,LOW_MEMORY_FOOTPRINT_REG,LOW_SIDE_IDLE_STATE,LOW_SIDE_SIGNALS_ENABLING,M1_AMPLIFICATION_GAIN,M1_ANGC,M1_AUXILIARY_SPEED_SENSOR,M1_BEMF_CONSISTENCY_GAIN,M1_BEMF_CONSISTENCY_TOL,M1_BOARD_MAX_CURRENT,M1_BUS_VOLTAGE_READING,M1_COMMUTATION_STEP_TIME_BUF_SIZE,M1_CONSTANT1_D,M1_CONSTANT1_Q,M1_CONSTANT2_QD,M1_CS_ADC_NUM,M1_CS_ADC_PHASE_SHARED,M1_CS_ADC_U,M1_CS_ADC_V,M1_CS_ADC_W,M1_CS_CHANNEL_U,M1_CS_CHANNEL_V,M1_CS_CHANNEL_W,M1_CURR_SAMPLING_TIME,M1_CURRENT_AMPLIFICATION_TOPO,M1_CURRENT_SENSING_TOPO,M1_DBG_OPEN_LOOP_ENABLE,M1_DC_CURRENT_RS_MEAS,M1_DEFAULT_CONTROL_MODE,M1_DEFAULT_FLUX_COMPONENT,M1_DEFAULT_TARGET_SPEED_RPM,M1_DEFAULT_TORQUE_COMPONENT,M1_DISCONTINUOUS_PWM,M1_DP_BKIN_FILTER,M1_DP_BKIN_MODE,M1_DP_BKIN_POLARITY,M1_DP_DESTINATION,M1_DP_TOPOLOGY,M1_DRIVE_TYPE,M1_dV_dT,M1_ENABLE_SL_ALGO_FROM_PHASE,M1_ENCODER_PPR,M1_F1,M1_F2,M1_FEED_FORWARD_CURRENT_REG_ENABLING,M1_FLUX_WEAKENING_ENABLING,M1_FW_KI_GAIN,M1_FW_KIDIV,M1_FW_KP_GAIN,M1_FW_KPDIV,M1_FW_VOLTAGE_REF,M1_GAIN1,M1_GAIN2,M1_HALL_PHASE_SHIFT,M1_HALL_SENSORS_PLACEMENT,M1_HIGH_SIDE_IDLE_STATE,M1_HW_DEAD_TIME_NS,M1_ICL_ENABLED,M1_ID_DEMAG,M1_IQMAX,M1_LDLQ_RATIO,M1_LOW_SIDE_IDLE_STATE,M1_LOW_SIDE_SIGNALS_ENABLING,M1_LS,M1_MAX_APPLICATION_SPEED,M1_MAX_MODULATION_INDEX,M1_MIN_APPLICATION_SPEED,M1_MOTOR_MAX_SPEED_RPM,M1_MOTOR_NAME,M1_MOTOR_RATED_FLUX,M1_MOTOR_VOLTAGE_CONSTANT,M1_MTPA_ENABLING,M1_NB_CONSECUTIVE_TESTS,M1_NOMINAL_BUS_VOLTAGE_V,M1_NOMINAL_CURRENT,M1_OBS_MINIMUM_SPEED_RPM,M1_OCP_TOPOLOGY,M1_OFST,M1_ON_OVER_VOLTAGE,M1_OV_TEMPERATURE_HYSTERESIS_C,M1_OV_TEMPERATURE_PROT_ENABLING,M1_OV_TEMPERATURE_THRESHOLD_C,M1_OV_VOLTAGE_PROT_ENABLING,M1_OV_VOLTAGE_THRESHOLD_V,M1_OVERMODULATION,M1_OVP_THRESHOLD_HIGH,M1_PHASE1_DURATION,M1_PHASE1_FINAL_CURRENT,M1_PHASE1_FINAL_SPEED_RPM,M1_PHASE2_DURATION,M1_PHASE2_FINAL_CURRENT,M1_PHASE2_FINAL_SPEED_RPM,M1_PHASE3_DURATION,M1_PHASE3_FINAL_CURRENT,M1_PHASE3_FINAL_SPEED_RPM,M1_PHASE4_DURATION,M1_PHASE4_FINAL_CURRENT,M1_PHASE4_FINAL_SPEED_RPM,M1_PHASE5_DURATION,M1_PHASE5_FINAL_CURRENT,M1_PHASE5_FINAL_SPEED_RPM,M1_PID_FLUX_KD_DEFAULT,M1_PID_FLUX_KI_DEFAULT,M1_PID_FLUX_KP_DEFAULT,M1_PID_SPEED_KD_DEFAULT,M1_PID_SPEED_KI_DEFAULT,M1_PID_SPEED_KP_DEFAULT,M1_PID_TORQUE_KD_DEFAULT,M1_PID_TORQUE_KI_DEFAULT,M1_PID_TORQUE_KP_DEFAULT,M1_PLL_KI_GAIN,M1_PLL_KP_GAIN,M1_POLE_PAIR_NUM,M1_POSITION_CTRL_ENABLING,M1_POTENTIOMETER_ENABLE,M1_POWERBOARD_NAME,M1_PWM_CHARGE_BOOT_CAP_DUTY_CYCLES,M1_PWM_CHARGE_BOOT_CAP_MS,M1_PWM_DRIVER_PN,M1_PWM_FREQUENCY,M1_PWM_TIMER_BRK_IRQ,M1_PWM_TIMER_SELECTION,M1_PWM_TIMER_UP_IRQ,M1_REGULATION_EXECUTION_RATE,M1_RS,M1_RSHUNT,M1_SEGDIV,M1_SHARED_SIGNAL_ENABLE,M1_SP_KDDIV,M1_SP_KIDIV,M1_SP_KPDIV,M1_SPD_DIFFERENTIAL_TERM_ENABLING,M1_SPEED_BAND_LOWER_LIMIT,M1_SPEED_BAND_UPPER_LIMIT,M1_SPEED_FEEDBACK_CHECK,M1_SPEED_LOOP_FREQUENCY_HZ,M1_SPEED_SENSOR,M1_SS_MEAS_ERRORS_BEFORE_FAULTS,M1_STARTING_ANGLE_DEG,M1_STO_FIFO_DEPTH_01HZ,M1_STO_FIFO_DEPTH_DPP,M1_SW_DEADTIME_NS,M1_T_MAX,M1_T0_C,M1_TEMP_ADC_SAMPLING_TIME,M1_TEMP_FDBK_ADC,M1_TEMP_FDBK_CHANNEL,M1_TEMPERATURE_READING,M1_TF_KDDIV,M1_TF_KIDIV,M1_TF_KPDIV,M1_TNOISE_NS,M1_TRANSITION_DURATION,M1_TRISE_NS,M1_UD_VOLTAGE_THRESHOLD_V,M1_USE_INTERNAL_OPAMP,M1_UV_VOLTAGE_PROT_ENABLING,M1_V0_V,M1_VARIANCE_THRESHOLD,M1_VBUS_ADC,M1_VBUS_ADC_SAMPLING_TIME,M1_VBUS_CHANNEL,M1_VBUS_PARTITIONING_FACTOR,MAX_READABLE_CURRENT,MC_WORKBENCH_VERSION,MCP_ASPEP_OVER_UART,MCP_ASYNC_EN,MCP_ASYNC_OVER_ASPEP_EN,MCP_ASYNC_OVER_UART_A_EN,MCP_DMA_RX_UART_A,MCP_DMA_TX_UART_A,MCP_DMACH_RX_UART_A,MCP_DMACH_TX_UART_A,MCP_EN,MCP_IRQ_HANDLER_DMA_RX_UART_A,MCP_IRQ_HANDLER_UART_A,MCP_OVER_ASPEP_EN,MCP_OVER_STLNK_EN,MCP_OVER_UART_A_EN,MCP_OVER_UART_B_EN,MCP_RX_SYNC_PAYLOAD_MAX,MCP_TX_ASYNC_PAYLOAD_MAX_UART_A,MCP_TX_SYNC_PAYLOAD_MAX,MCPA_OVER_UART_A_STREAM,MCU,MCU_FAMILY,MCU_LINE,MCU_NAME,MCU_PACKAGE,MCU_TYPE,MCU_USERNAME,MOTOR_PROFILER,MOTOR_TYPE,ON_OVER_VOLTAGE,OV_TEMPERATURE_PROT_ENABLING,OV_VOLTAGE_PROT_ENABLING,PHASE_U_CURR_ADC,PHASE_U_CURR_CHANNEL,PHASE_U_GPIO_PIN,PHASE_U_GPIO_PORT,PHASE_U_PWM_CHANNEL,PHASE_UH_GPIO_PIN,PHASE_UH_GPIO_PORT,PHASE_UH_POLARITY,PHASE_UL_GPIO_PIN,PHASE_UL_GPIO_PORT,PHASE_UL_POLARITY,PHASE_V_CURR_ADC,PHASE_V_CURR_CHANNEL,PHASE_V_GPIO_PIN,PHASE_V_GPIO_PORT,PHASE_V_PWM_CHANNEL,PHASE_VH_GPIO_PIN,PHASE_VH_GPIO_PORT,PHASE_VH_POLARITY,PHASE_VL_GPIO_PIN,PHASE_VL_GPIO_PORT,PHASE_VL_POLARITY,PHASE_W_CURR_ADC,PHASE_W_CURR_CHANNEL,PHASE_W_GPIO_PIN,PHASE_W_GPIO_PORT,PHASE_W_PWM_CHANNEL,PHASE_WH_GPIO_PIN,PHASE_WH_GPIO_PORT,PHASE_WH_POLARITY,PHASE_WL_GPIO_PIN,PHASE_WL_GPIO_PORT,PHASE_WL_POLARITY,POTENTIOMETER_READING,PWM_FREQUENCY,PWM_TIMER_SELECTION,R_BRAKE_SWITCH_OFF_THRES_V,REGULATION_EXECUTION_RATE,RTOS,SINGLEDRIVE,SPD_DIFFERENTIAL_TERM_ENABLING,SPEED_SENSOR_SELECTION,START_STOP_BTN,START_STOP_GPIO_PIN,START_STOP_GPIO_PORT,START_STOP_POLARITY,START_STOP_POLARITY_EDGE,STATE_OBSERVER_PLL,STM32F302R8,SW_DEADTIME_NS,TEMP_ADC_SAMPLING_TIME,TEMP_FDBK_ADC,TEMP_FDBK_CHANNEL,TEMP_FDBK_GPIO_PIN,TEMP_FDBK_GPIO_PORT,TEMPERATURE_READING,TFDIFFERENTIAL_TERM_ENABLING,THREE_SHUNT,TRISE_NS,USART_RX_GPIO_PIN,USART_RX_GPIO_PORT,USART_SELECTION,USART_SELECTION_A,USART_SPEED,USART_TX_GPIO_PIN,USART_TX_GPIO_PORT,USE_3OPAMPS,USE_INTERNAL_OPAMP,UV_VOLTAGE_PROT_ENABLING,VBUS_ADC,VBUS_ADC_SAMPLING_TIME,VBUS_CHANNEL,VBUS_GPIO_PIN,VBUS_GPIO_PORT,WB_to_Mx_template_version,WB_to_Mx_version,WB_UI_CUTOFF_FREQUENCY,WB_UI_DP_DISABLING_ENABLE,WB_UI_ENCODER_HAS_INDEX_PIN,WB_UI_FLUX_TARGET,WB_UI_FRICTION,WB_UI_INERTIA,WB_UI_MAGNETIC_STRUCTURE,WB_UI_MAX_CURRENT,WB_UI_MAX_NOMINAL_DC_VOLTAGE,WB_UI_MAX_PWMFREQUENCY,WB_UI_MOTOR_DESCRIPTION,WB_UI_PW_BOARD_MAX_RATED_CURRENT,WB_UI_PW_BOARD_MAX_VOLTAGE,WB_UI_PW_BOARD_MIN_VOLTAGE,WB_UI_VPOL
MotorControl.IPs=SYS,NVIC,RCC,MotorControl,TIM1,ADC1,USART2,DMA
MotorControl.LOW_MEMORY_FOOTPRINT_REG=false
MotorControl.LOW_SIDE_IDLE_STATE=false
MotorControl.LOW_SIDE_SIGNALS_ENABLING=ES_GPIO
MotorControl.M1_AMPLIFICATION_GAIN=1.53
MotorControl.M1_ANGC={0,0,0,0,0,0,0,0}
MotorControl.M1_AUXILIARY_SPEED_SENSOR=NONE
MotorControl.M1_BEMF_CONSISTENCY_GAIN=64
MotorControl.M1_BEMF_CONSISTENCY_TOL=64
MotorControl.M1_BOARD_MAX_CURRENT=1.2
MotorControl.M1_BUS_VOLTAGE_READING=true
MotorControl.M1_COMMUTATION_STEP_TIME_BUF_SIZE=12
MotorControl.M1_CONSTANT1_D=2875
MotorControl.M1_CONSTANT1_Q=2875
MotorControl.M1_CONSTANT2_QD=2718
MotorControl.M1_CS_ADC_NUM=1
MotorControl.M1_CS_ADC_PHASE_SHARED=NONE
MotorControl.M1_CS_ADC_U=ADC1
MotorControl.M1_CS_ADC_V=ADC1
MotorControl.M1_CS_ADC_W=ADC1
MotorControl.M1_CS_CHANNEL_U=1
MotorControl.M1_CS_CHANNEL_V=7
MotorControl.M1_CS_CHANNEL_W=6
MotorControl.M1_CURRENT_AMPLIFICATION_TOPO=EXTERNAL
MotorControl.M1_CURRENT_SENSING_TOPO=THREE_SHUNT
MotorControl.M1_CURR_SAMPLING_TIME=19
MotorControl.M1_DBG_OPEN_LOOP_ENABLE=false
MotorControl.M1_DC_CURRENT_RS_MEAS=1.2
MotorControl.M1_DEFAULT_CONTROL_MODE=STC_SPEED_MODE
MotorControl.M1_DEFAULT_FLUX_COMPONENT=0
MotorControl.M1_DEFAULT_TARGET_SPEED_RPM=3000
MotorControl.M1_DEFAULT_TORQUE_COMPONENT=0
MotorControl.M1_DISCONTINUOUS_PWM=false
MotorControl.M1_DP_BKIN_FILTER=3
MotorControl.M1_DP_BKIN_MODE=EXT_MODE
MotorControl.M1_DP_BKIN_POLARITY=EMSTOP_ACTIVE_LOW
MotorControl.M1_DP_DESTINATION=TIM_BKIN
MotorControl.M1_DP_TOPOLOGY=EXTERNAL
MotorControl.M1_DRIVE_TYPE=FOC
MotorControl.M1_ENABLE_SL_ALGO_FROM_PHASE=2
MotorControl.M1_ENCODER_PPR=400
MotorControl.M1_F1=1024
MotorControl.M1_F2=16384
MotorControl.M1_FEED_FORWARD_CURRENT_REG_ENABLING=false
MotorControl.M1_FLUX_WEAKENING_ENABLING=false
MotorControl.M1_FW_KIDIV=32768
MotorControl.M1_FW_KI_GAIN=5000
MotorControl.M1_FW_KPDIV=32768
MotorControl.M1_FW_KP_GAIN=3000
MotorControl.M1_FW_VOLTAGE_REF=985
MotorControl.M1_GAIN1=-1380
MotorControl.M1_GAIN2=2898
MotorControl.M1_HALL_PHASE_SHIFT=300
MotorControl.M1_HALL_SENSORS_PLACEMENT=DEGREES_120
MotorControl.M1_HIGH_SIDE_IDLE_STATE=false
MotorControl.M1_HW_DEAD_TIME_NS=1000
MotorControl.M1_ICL_ENABLED=false
MotorControl.M1_ID_DEMAG=-1.2
MotorControl.M1_IQMAX=1.2
MotorControl.M1_LDLQ_RATIO=1.000
MotorControl.M1_LOW_SIDE_IDLE_STATE=false
MotorControl.M1_LOW_SIDE_SIGNALS_ENABLING=ES_GPIO
MotorControl.M1_LS=0.000018
MotorControl.M1_MAX_APPLICATION_SPEED=15000
MotorControl.M1_MAX_MODULATION_INDEX=85
MotorControl.M1_MIN_APPLICATION_SPEED=0
MotorControl.M1_MOTOR_MAX_SPEED_RPM=15000
MotorControl.M1_MOTOR_NAME=Bull Running BR2804-1700
MotorControl.M1_MOTOR_RATED_FLUX=0.002799417
MotorControl.M1_MOTOR_VOLTAGE_CONSTANT=0.4
MotorControl.M1_MTPA_ENABLING=false
MotorControl.M1_NB_CONSECUTIVE_TESTS=2
MotorControl.M1_NOMINAL_BUS_VOLTAGE_V=12
MotorControl.M1_NOMINAL_CURRENT=1.2
MotorControl.M1_OBS_MINIMUM_SPEED_RPM=3000
MotorControl.M1_OCP_TOPOLOGY=NONE
MotorControl.M1_OFST={0,0,0,0,0,0,0,0}
MotorControl.M1_ON_OVER_VOLTAGE=TURN_OFF_PWM
MotorControl.M1_OVERMODULATION=false
MotorControl.M1_OVP_THRESHOLD_HIGH=14
MotorControl.M1_OV_TEMPERATURE_HYSTERESIS_C=10
MotorControl.M1_OV_TEMPERATURE_PROT_ENABLING=true
MotorControl.M1_OV_TEMPERATURE_THRESHOLD_C=110
MotorControl.M1_OV_VOLTAGE_PROT_ENABLING=true
MotorControl.M1_OV_VOLTAGE_THRESHOLD_V=14
MotorControl.M1_PHASE1_DURATION=1000
MotorControl.M1_PHASE1_FINAL_CURRENT=1.2
MotorControl.M1_PHASE1_FINAL_SPEED_RPM=0
MotorControl.M1_PHASE2_DURATION=3333
MotorControl.M1_PHASE2_FINAL_CURRENT=1.2
MotorControl.M1_PHASE2_FINAL_SPEED_RPM=3333
MotorControl.M1_PHASE3_DURATION=0
MotorControl.M1_PHASE3_FINAL_CURRENT=1.2
MotorControl.M1_PHASE3_FINAL_SPEED_RPM=3333
MotorControl.M1_PHASE4_DURATION=0
MotorControl.M1_PHASE4_FINAL_CURRENT=1.2
MotorControl.M1_PHASE4_FINAL_SPEED_RPM=3333
MotorControl.M1_PHASE5_DURATION=0
MotorControl.M1_PHASE5_FINAL_CURRENT=1.2
MotorControl.M1_PHASE5_FINAL_SPEED_RPM=3333
MotorControl.M1_PID_FLUX_KD_DEFAULT=100
MotorControl.M1_PID_FLUX_KI_DEFAULT=197
MotorControl.M1_PID_FLUX_KP_DEFAULT=965
MotorControl.M1_PID_SPEED_KD_DEFAULT=0
MotorControl.M1_PID_SPEED_KI_DEFAULT=1271
MotorControl.M1_PID_SPEED_KP_DEFAULT=3952
MotorControl.M1_PID_TORQUE_KD_DEFAULT=100
MotorControl.M1_PID_TORQUE_KI_DEFAULT=197
MotorControl.M1_PID_TORQUE_KP_DEFAULT=965
MotorControl.M1_PLL_KI_GAIN=44
MotorControl.M1_PLL_KP_GAIN=1862
MotorControl.M1_POLE_PAIR_NUM=7
MotorControl.M1_POSITION_CTRL_ENABLING=false
MotorControl.M1_POTENTIOMETER_ENABLE=false
MotorControl.M1_POWERBOARD_NAME=X-NUCLEO-IHM07M1
MotorControl.M1_PWM_CHARGE_BOOT_CAP_DUTY_CYCLES=0.000
MotorControl.M1_PWM_CHARGE_BOOT_CAP_MS=10
MotorControl.M1_PWM_DRIVER_PN=L6230
MotorControl.M1_PWM_FREQUENCY=30000
MotorControl.M1_PWM_TIMER_BRK_IRQ=TIM1_BRK_TIM15
MotorControl.M1_PWM_TIMER_SELECTION=PWM_TIM1
MotorControl.M1_PWM_TIMER_UP_IRQ=TIM1_UP_TIM16
MotorControl.M1_REGULATION_EXECUTION_RATE=1
MotorControl.M1_RS=0.11
MotorControl.M1_RSHUNT=0.33
MotorControl.M1_SEGDIV=0
MotorControl.M1_SHARED_SIGNAL_ENABLE=false
MotorControl.M1_SPD_DIFFERENTIAL_TERM_ENABLING=false
MotorControl.M1_SPEED_BAND_LOWER_LIMIT=15
MotorControl.M1_SPEED_BAND_UPPER_LIMIT=17
MotorControl.M1_SPEED_FEEDBACK_CHECK=true
MotorControl.M1_SPEED_LOOP_FREQUENCY_HZ=1000
MotorControl.M1_SPEED_SENSOR=STO_PLL
MotorControl.M1_SP_KDDIV=16
MotorControl.M1_SP_KIDIV=16384
MotorControl.M1_SP_KPDIV=64
MotorControl.M1_SS_MEAS_ERRORS_BEFORE_FAULTS=3
MotorControl.M1_STARTING_ANGLE_DEG=0
MotorControl.M1_STO_FIFO_DEPTH_01HZ=64
MotorControl.M1_STO_FIFO_DEPTH_DPP=64
MotorControl.M1_SW_DEADTIME_NS=1000
MotorControl.M1_T0_C=25
MotorControl.M1_TEMPERATURE_READING=true
MotorControl.M1_TEMP_ADC_SAMPLING_TIME=181
MotorControl.M1_TEMP_FDBK_ADC=ADC1
MotorControl.M1_TEMP_FDBK_CHANNEL=ADC_CHANNEL_8
MotorControl.M1_TF_KDDIV=8192
MotorControl.M1_TF_KIDIV=16384
MotorControl.M1_TF_KPDIV=16384
MotorControl.M1_TNOISE_NS=700
MotorControl.M1_TRANSITION_DURATION=25
MotorControl.M1_TRISE_NS=1800
MotorControl.M1_T_MAX=110
MotorControl.M1_UD_VOLTAGE_THRESHOLD_V=8
MotorControl.M1_USE_INTERNAL_OPAMP=false
MotorControl.M1_UV_VOLTAGE_PROT_ENABLING=true
MotorControl.M1_V0_V=1.055
MotorControl.M1_VARIANCE_THRESHOLD=0.25
MotorControl.M1_VBUS_ADC=ADC1
MotorControl.M1_VBUS_ADC_SAMPLING_TIME=181
MotorControl.M1_VBUS_CHANNEL=ADC_CHANNEL_2
MotorControl.M1_VBUS_PARTITIONING_FACTOR=0.052164840897235255
MotorControl.M1_dV_dT=0.023
MotorControl.MAX_READABLE_CURRENT=3.272
MotorControl.MCPA_OVER_UART_A_STREAM=10
MotorControl.MCP_ASPEP_OVER_UART=true
MotorControl.MCP_ASYNC_EN=true
MotorControl.MCP_ASYNC_OVER_ASPEP_EN=true
MotorControl.MCP_ASYNC_OVER_UART_A_EN=true
MotorControl.MCP_DMACH_RX_UART_A=6
MotorControl.MCP_DMACH_TX_UART_A=7
MotorControl.MCP_DMA_RX_UART_A=DMA1
MotorControl.MCP_DMA_TX_UART_A=DMA1
MotorControl.MCP_EN=true
MotorControl.MCP_IRQ_HANDLER_DMA_RX_UART_A=DMA1_Channel6_IRQHandler
MotorControl.MCP_IRQ_HANDLER_UART_A=USART2_IRQHandler
MotorControl.MCP_OVER_ASPEP_EN=true
MotorControl.MCP_OVER_STLNK_EN=false
MotorControl.MCP_OVER_UART_A_EN=true
MotorControl.MCP_OVER_UART_B_EN=false
MotorControl.MCP_RX_SYNC_PAYLOAD_MAX=128
MotorControl.MCP_TX_ASYNC_PAYLOAD_MAX_UART_A=2048
MotorControl.MCP_TX_SYNC_PAYLOAD_MAX=128
MotorControl.MCU=STM32F302R8
MotorControl.MCU_FAMILY=STM32F3
MotorControl.MCU_LINE=STM32F302
MotorControl.MCU_NAME=STM32F302R(6-8)Tx
MotorControl.MCU_PACKAGE=LQFP64
MotorControl.MCU_TYPE=STM32F302R8
MotorControl.MCU_USERNAME=STM32F302R8Tx
MotorControl.MC_WORKBENCH_VERSION=6.3.1
MotorControl.MOTOR_PROFILER=false
MotorControl.MOTOR_TYPE=PMSM
MotorControl.ON_OVER_VOLTAGE=TURN_OFF_PWM
MotorControl.OV_TEMPERATURE_PROT_ENABLING=true
MotorControl.OV_VOLTAGE_PROT_ENABLING=true
MotorControl.PHASE_UH_GPIO_PIN=LL_GPIO_PIN_8
MotorControl.PHASE_UH_GPIO_PORT=GPIOA
MotorControl.PHASE_UH_POLARITY=H_ACTIVE_HIGH
MotorControl.PHASE_UL_GPIO_PIN=LL_GPIO_PIN_10
MotorControl.PHASE_UL_GPIO_PORT=GPIOC
MotorControl.PHASE_UL_POLARITY=L_ACTIVE_HIGH
MotorControl.PHASE_U_CURR_ADC=ADC1
MotorControl.PHASE_U_CURR_CHANNEL=ADC_CHANNEL_1
MotorControl.PHASE_U_GPIO_PIN=LL_GPIO_PIN_0
MotorControl.PHASE_U_GPIO_PORT=GPIOA
MotorControl.PHASE_U_PWM_CHANNEL=TIM_Channel_1
MotorControl.PHASE_VH_GPIO_PIN=LL_GPIO_PIN_9
MotorControl.PHASE_VH_GPIO_PORT=GPIOA
MotorControl.PHASE_VH_POLARITY=H_ACTIVE_HIGH
MotorControl.PHASE_VL_GPIO_PIN=LL_GPIO_PIN_11
MotorControl.PHASE_VL_GPIO_PORT=GPIOC
MotorControl.PHASE_VL_POLARITY=L_ACTIVE_HIGH
MotorControl.PHASE_V_CURR_ADC=ADC1
MotorControl.PHASE_V_CURR_CHANNEL=ADC_CHANNEL_7
MotorControl.PHASE_V_GPIO_PIN=LL_GPIO_PIN_1
MotorControl.PHASE_V_GPIO_PORT=GPIOC
MotorControl.PHASE_V_PWM_CHANNEL=TIM_Channel_2
MotorControl.PHASE_WH_GPIO_PIN=LL_GPIO_PIN_10
MotorControl.PHASE_WH_GPIO_PORT=GPIOA
MotorControl.PHASE_WH_POLARITY=H_ACTIVE_HIGH
MotorControl.PHASE_WL_GPIO_PIN=LL_GPIO_PIN_12
MotorControl.PHASE_WL_GPIO_PORT=GPIOC
MotorControl.PHASE_WL_POLARITY=L_ACTIVE_HIGH
MotorControl.PHASE_W_CURR_ADC=ADC1
MotorControl.PHASE_W_CURR_CHANNEL=ADC_CHANNEL_6
MotorControl.PHASE_W_GPIO_PIN=LL_GPIO_PIN_0
MotorControl.PHASE_W_GPIO_PORT=GPIOC
MotorControl.PHASE_W_PWM_CHANNEL=TIM_Channel_3
MotorControl.POTENTIOMETER_READING=false
MotorControl.PWM_FREQUENCY=30000
MotorControl.PWM_TIMER_SELECTION=PWM_TIM1
MotorControl.REGULATION_EXECUTION_RATE=1
MotorControl.RTOS=NONE
MotorControl.R_BRAKE_SWITCH_OFF_THRES_V=12
MotorControl.SINGLEDRIVE=true
MotorControl.SPD_DIFFERENTIAL_TERM_ENABLING=false
MotorControl.SPEED_SENSOR_SELECTION=STATE_OBSERVER_PLL
MotorControl.START_STOP_BTN=true
MotorControl.START_STOP_GPIO_PIN=LL_GPIO_PIN_13
MotorControl.START_STOP_GPIO_PORT=GPIOC
MotorControl.START_STOP_POLARITY=DIN_ACTIVE_LOW
MotorControl.START_STOP_POLARITY_EDGE=GPIO_NOPULL
MotorControl.STATE_OBSERVER_PLL=true
MotorControl.STM32F302R8=true
MotorControl.SW_DEADTIME_NS=1000
MotorControl.TEMPERATURE_READING=true
MotorControl.TEMP_ADC_SAMPLING_TIME=181
MotorControl.TEMP_FDBK_ADC=ADC1
MotorControl.TEMP_FDBK_CHANNEL=ADC_CHANNEL_8
MotorControl.TEMP_FDBK_GPIO_PIN=LL_GPIO_PIN_2
MotorControl.TEMP_FDBK_GPIO_PORT=GPIOC
MotorControl.TFDIFFERENTIAL_TERM_ENABLING=false
MotorControl.THREE_SHUNT=true
MotorControl.TRISE_NS=1800
MotorControl.USART_RX_GPIO_PIN=LL_GPIO_PIN_3
MotorControl.USART_RX_GPIO_PORT=GPIOA
MotorControl.USART_SELECTION=USE_USART2
MotorControl.USART_SELECTION_A=USART2
MotorControl.USART_SPEED=1843200
MotorControl.USART_TX_GPIO_PIN=LL_GPIO_PIN_2
MotorControl.USART_TX_GPIO_PORT=GPIOA
MotorControl.USE_3OPAMPS=false
MotorControl.USE_INTERNAL_OPAMP=false
MotorControl.UV_VOLTAGE_PROT_ENABLING=true
MotorControl.VBUS_ADC=ADC1
MotorControl.VBUS_ADC_SAMPLING_TIME=181
MotorControl.VBUS_CHANNEL=ADC_CHANNEL_2
MotorControl.VBUS_GPIO_PIN=LL_GPIO_PIN_1
MotorControl.VBUS_GPIO_PORT=GPIOA
MotorControl.WB_UI_CUTOFF_FREQUENCY=6000
MotorControl.WB_UI_DP_DISABLING_ENABLE=false
MotorControl.WB_UI_ENCODER_HAS_INDEX_PIN=false
MotorControl.WB_UI_FLUX_TARGET=0
MotorControl.WB_UI_FRICTION=0.437
MotorControl.WB_UI_INERTIA=0.348
MotorControl.WB_UI_MAGNETIC_STRUCTURE=SM-PMSM
MotorControl.WB_UI_MAX_CURRENT=1.2
MotorControl.WB_UI_MAX_NOMINAL_DC_VOLTAGE=12
MotorControl.WB_UI_MAX_PWMFREQUENCY=100000
MotorControl.WB_UI_MOTOR_DESCRIPTION=External rotor type - 7 poles pairs brushless - DC motor
MotorControl.WB_UI_PW_BOARD_MAX_RATED_CURRENT=2.8
MotorControl.WB_UI_PW_BOARD_MAX_VOLTAGE=48
MotorControl.WB_UI_PW_BOARD_MIN_VOLTAGE=8
MotorControl.WB_UI_VPOL=1.559
MotorControl.WB_to_Mx_template_version=24-04-17
MotorControl.WB_to_Mx_version=6.2.3
MxCube.Version=6.12.0
MxDb.Version=DB.6.0.120
NVIC.ADC1_IRQn=true\:2\:0\:true\:true\:false\:3\:true\:true\:true
NVIC.BusFault_IRQn=true\:0\:0\:false\:false\:false\:true\:false\:false
NVIC.DebugMonitor_IRQn=true\:0\:0\:false\:false\:false\:true\:false\:false
NVIC.EXTI15_10_IRQn=true\:3\:0\:false\:true\:false\:6\:true\:true\:true
NVIC.ForceEnableDMAVector=false
NVIC.HardFault_IRQn=true\:0\:0\:false\:false\:false\:true\:false\:false
NVIC.MemoryManagement_IRQn=true\:0\:0\:false\:false\:false\:true\:false\:false
NVIC.NonMaskableInt_IRQn=true\:0\:0\:false\:false\:false\:true\:true\:false
NVIC.PendSV_IRQn=true\:0\:0\:false\:false\:false\:true\:false\:false
NVIC.PriorityGroup=NVIC_PRIORITYGROUP_3
NVIC.SVCall_IRQn=true\:0\:0\:false\:false\:false\:true\:false\:false
NVIC.SysTick_IRQn=true\:4\:0\:true\:false\:false\:true\:true\:false
NVIC.TIM1_BRK_TIM15_IRQn=true\:4\:1\:true\:true\:false\:4\:true\:true\:true
NVIC.TIM1_UP_TIM16_IRQn=true\:0\:0\:false\:true\:false\:5\:true\:true\:true
NVIC.USART2_IRQn=true\:0\:0\:false\:false\:true\:true\:true\:true
NVIC.USB_HP_CAN_TX_IRQn=true\:0\:0\:false\:false\:true\:true\:true\:true
NVIC.USB_LP_CAN_RX0_IRQn=true\:0\:0\:false\:false\:true\:true\:true\:true
NVIC.UsageFault_IRQn=true\:0\:0\:false\:false\:false\:true\:false\:false
PA0.GPIOParameters=GPIO_Label
PA0.GPIO_Label=M1_CURR_AMPL_U
PA0.Locked=true
PA0.Mode=IN1-Single-Ended
PA0.Signal=ADC1_IN1
PA1.GPIOParameters=GPIO_Label
PA1.GPIO_Label=M1_BUS_VOLTAGE
PA1.Locked=true
PA1.Mode=IN2-Single-Ended
PA1.Signal=ADC1_IN2
PA10.GPIOParameters=GPIO_Speed,GPIO_PuPd,GPIO_Label
PA10.GPIO_Label=M1_PWM_WH
PA10.GPIO_PuPd=GPIO_PULLDOWN
PA10.GPIO_Speed=GPIO_SPEED_FREQ_HIGH
PA10.Locked=true
PA10.Signal=S_TIM1_CH3
PA11.Mode=CAN_Activate
PA11.Signal=CAN_RX
PA12.Mode=CAN_Activate
PA12.Signal=CAN_TX
PA13.GPIOParameters=GPIO_Label
PA13.GPIO_Label=TMS
PA13.Locked=true
PA13.Mode=Serial_Wire
PA13.Signal=SYS_JTMS-SWDIO
PA14.GPIOParameters=GPIO_Label
PA14.GPIO_Label=TCK
PA14.Locked=true
PA14.Mode=Serial_Wire
PA14.Signal=SYS_JTCK-SWCLK
PA2.GPIOParameters=GPIO_ModeDefaultPP,GPIO_Speed,GPIO_PuPd,GPIO_Mode
PA2.GPIO_Mode=GPIO_MODE_AF_PP
PA2.GPIO_ModeDefaultPP=GPIO_MODE_AF_PP
PA2.GPIO_PuPd=GPIO_NOPULL
PA2.GPIO_Speed=GPIO_SPEED_FREQ_HIGH
PA2.Locked=true
PA2.Mode=Asynchronous
PA2.Signal=USART2_TX
PA3.GPIOParameters=GPIO_ModeDefaultPP,GPIO_Speed,GPIO_PuPd,GPIO_Mode
PA3.GPIO_Mode=GPIO_MODE_AF_PP
PA3.GPIO_ModeDefaultPP=GPIO_MODE_AF_PP
PA3.GPIO_PuPd=GPIO_NOPULL
PA3.GPIO_Speed=GPIO_SPEED_FREQ_HIGH
PA3.Locked=true
PA3.Mode=Asynchronous
PA3.Signal=USART2_RX
PA6.GPIOParameters=GPIO_PuPd,GPIO_Label
PA6.GPIO_Label=M1_DP
PA6.GPIO_PuPd=GPIO_PULLUP
PA6.Locked=true
PA6.Mode=Activate-Break-Input
PA6.Signal=TIM1_BKIN
PA8.GPIOParameters=GPIO_Speed,GPIO_PuPd,GPIO_Label
PA8.GPIO_Label=M1_PWM_UH
PA8.GPIO_PuPd=GPIO_PULLDOWN
PA8.GPIO_Speed=GPIO_SPEED_FREQ_HIGH
PA8.Locked=true
PA8.Signal=S_TIM1_CH1
PA9.GPIOParameters=GPIO_Speed,GPIO_PuPd,GPIO_Label
PA9.GPIO_Label=M1_PWM_VH
PA9.GPIO_PuPd=GPIO_PULLDOWN
PA9.GPIO_Speed=GPIO_SPEED_FREQ_HIGH
PA9.Locked=true
PA9.Signal=S_TIM1_CH2
PC0.GPIOParameters=GPIO_Label
PC0.GPIO_Label=M1_CURR_AMPL_W
PC0.Locked=true
PC0.Signal=ADCx_IN6
PC1.GPIOParameters=GPIO_Label
PC1.GPIO_Label=M1_CURR_AMPL_V
PC1.Locked=true
PC1.Signal=ADCx_IN7
PC10.GPIOParameters=GPIO_Speed,GPIO_PuPd,GPIO_Label
PC10.GPIO_Label=M1_PWM_EN_U
PC10.GPIO_PuPd=GPIO_PULLDOWN
PC10.GPIO_Speed=GPIO_SPEED_FREQ_HIGH
PC10.Locked=true
PC10.Signal=GPIO_Output
PC11.GPIOParameters=GPIO_Speed,GPIO_PuPd,GPIO_Label
PC11.GPIO_Label=M1_PWM_EN_V
PC11.GPIO_PuPd=GPIO_PULLDOWN
PC11.GPIO_Speed=GPIO_SPEED_FREQ_HIGH
PC11.Locked=true
PC11.Signal=GPIO_Output
PC12.GPIOParameters=GPIO_Speed,GPIO_PuPd,GPIO_Label
PC12.GPIO_Label=M1_PWM_EN_W
PC12.GPIO_PuPd=GPIO_PULLDOWN
PC12.GPIO_Speed=GPIO_SPEED_FREQ_HIGH
PC12.Locked=true
PC12.Signal=GPIO_Output
PC13.GPIOParameters=GPIO_PuPd,GPIO_Label,GPIO_ModeDefaultEXTI
PC13.GPIO_Label=Start/Stop [PushButton]
PC13.GPIO_ModeDefaultEXTI=GPIO_MODE_IT_FALLING
PC13.GPIO_PuPd=GPIO_NOPULL
PC13.Locked=true
PC13.Signal=GPXTI13
PC2.GPIOParameters=GPIO_Label
PC2.GPIO_Label=M1_TEMPERATURE
PC2.Locked=true
PC2.Signal=ADCx_IN8
PF0-OSC_IN.Locked=true
PF0-OSC_IN.Mode=HSE-External-Oscillator
PF0-OSC_IN.Signal=RCC_OSC_IN
PF1-OSC_OUT.Locked=true
PF1-OSC_OUT.Mode=HSE-External-Oscillator
PF1-OSC_OUT.Signal=RCC_OSC_OUT
PinOutPanel.RotationAngle=0
ProjectManager.AskForMigrate=true
ProjectManager.BackupPrevious=false
ProjectManager.CompilerOptimize=5
ProjectManager.ComputerToolchain=false
ProjectManager.CoupleFile=false
ProjectManager.CustomerFirmwarePackage=
ProjectManager.DefaultFWLocation=true
ProjectManager.DeletePrevious=true
ProjectManager.DeviceId=STM32F302R8Tx
ProjectManager.FirmwarePackage=STM32Cube FW_F3 V1.11.5
ProjectManager.FreePins=false
ProjectManager.HalAssertFull=false
ProjectManager.HeapSize=0x200
ProjectManager.KeepUserCode=true
ProjectManager.LastFirmware=true
ProjectManager.LibraryCopy=0
ProjectManager.MainLocation=Src
ProjectManager.NoMain=false
ProjectManager.PreviousToolchain=
ProjectManager.ProjectBuild=false
ProjectManager.ProjectFileName=motor_controller.ioc
ProjectManager.ProjectName=motor_controller
ProjectManager.ProjectStructure=
ProjectManager.RegisterCallBack=
ProjectManager.StackSize=0x400
ProjectManager.TargetToolchain=STM32CubeIDE
ProjectManager.ToolChainLocation=
ProjectManager.UAScriptAfterPath=
ProjectManager.UAScriptBeforePath=
ProjectManager.UnderRoot=false
ProjectManager.functionlistsort=1-SystemClock_Config-RCC-false-HAL-false,2-MX_GPIO_Init-GPIO-false-HAL-true,3-MX_ADC1_Init-ADC1-false-HAL-true,4-MX_TIM1_Init-TIM1-false-HAL-true,5-MX_USART2_UART_Init-USART2-false-HAL-true,6-MX_MotorControl_Init-MotorControl-false-HAL-false
ProjectManager.iocOrigin=MotorControl
RCC.ADC12outputFreq_Value=72000000
RCC.AHBFreq_Value=72000000
RCC.APB1CLKDivider=RCC_HCLK_DIV2
RCC.APB1Freq_Value=36000000
RCC.APB1TimFreq_Value=72000000
RCC.APB2CLKDivider=RCC_HCLK_DIV1
RCC.APB2Freq_Value=72000000
RCC.APB2TimFreq_Value=72000000
RCC.CortexFreq_Value=72000000
RCC.EnbaleCSS=true
RCC.FCLKCortexFreq_Value=72000000
RCC.FamilyName=M
RCC.HCLKFreq_Value=72000000
RCC.HSEPLLFreq_Value=8000000
RCC.HSE_VALUE=8000000
RCC.HSIPLLFreq_Value=4000000
RCC.HSI_VALUE=8000000
RCC.I2C1Freq_Value=8000000
RCC.I2C2Freq_Value=8000000
RCC.I2C3Freq_Value=8000000
RCC.I2SClocksFreq_Value=72000000
RCC.IPParameters=ADC12outputFreq_Value,AHBFreq_Value,APB1CLKDivider,APB1Freq_Value,APB1TimFreq_Value,APB2CLKDivider,APB2Freq_Value,APB2TimFreq_Value,CortexFreq_Value,EnbaleCSS,FCLKCortexFreq_Value,FamilyName,HCLKFreq_Value,HSEPLLFreq_Value,HSE_VALUE,HSIPLLFreq_Value,HSI_VALUE,I2C1Freq_Value,I2C2Freq_Value,I2C3Freq_Value,I2SClocksFreq_Value,LSE_VALUE,LSI_VALUE,MCOFreq_Value,PLLCLKFreq_Value,PLLMCOFreq_Value,PLLMUL,PLLSourceVirtual,PREFETCH_ENABLE,RTCFreq_Value,RTCHSEDivFreq_Value,SYSCLKFreq_VALUE,SYSCLKSourceVirtual,TIM15Freq_Value,TIM16Freq_Value,TIM17Freq_Value,TIM1Freq_Value,TIM1Selection,TIM2Freq_Value,TIM8Freq_Value,TIM8Selection,USART1Freq_Value,USART2Freq_Value,USART3Freq_Value,USBFreq_Value,Usart1ClockSelection,VCOOutput2Freq_Value
RCC.LSE_VALUE=32768
RCC.LSI_VALUE=40000
RCC.MCOFreq_Value=72000000
RCC.PLLCLKFreq_Value=72000000
RCC.PLLMCOFreq_Value=72000000
RCC.PLLMUL=RCC_PLL_MUL9
RCC.PLLSourceVirtual=RCC_PLLSOURCE_HSE
RCC.PREFETCH_ENABLE=1
RCC.RTCFreq_Value=40000
RCC.RTCHSEDivFreq_Value=250000
RCC.SYSCLKFreq_VALUE=72000000
RCC.SYSCLKSourceVirtual=RCC_SYSCLKSOURCE_PLLCLK
RCC.TIM15Freq_Value=72000000
RCC.TIM16Freq_Value=72000000
RCC.TIM17Freq_Value=72000000
RCC.TIM1Freq_Value=144000000
RCC.TIM1Selection=RCC_TIM1CLK_PLLCLK
RCC.TIM2Freq_Value=72000000
RCC.TIM8Freq_Value=72000000
RCC.TIM8Selection=RCC_TIM8CLK_PLLCLK
RCC.USART1Freq_Value=72000000
RCC.USART2Freq_Value=36000000
RCC.USART3Freq_Value=36000000
RCC.USBFreq_Value=72000000
RCC.Usart1ClockSelection=RCC_USART1CLKSOURCE_SYSCLK
RCC.VCOOutput2Freq_Value=8000000
SH.ADCx_IN6.0=ADC1_IN6,IN6-Single-Ended
SH.ADCx_IN6.ConfNb=1
SH.ADCx_IN7.0=ADC1_IN7,IN7-Single-Ended
SH.ADCx_IN7.ConfNb=1
SH.ADCx_IN8.0=ADC1_IN8,IN8-Single-Ended
SH.ADCx_IN8.ConfNb=1
SH.GPXTI13.0=GPIO_EXTI13
SH.GPXTI13.ConfNb=1
SH.S_TIM1_CH1.0=TIM1_CH1,PWM Generation1 CH1
SH.S_TIM1_CH1.ConfNb=1
SH.S_TIM1_CH2.0=TIM1_CH2,PWM Generation2 CH2
SH.S_TIM1_CH2.ConfNb=1
SH.S_TIM1_CH3.0=TIM1_CH3,PWM Generation3 CH3
SH.S_TIM1_CH3.ConfNb=1
TIM1.AutoReloadPreload=TIM_AUTORELOAD_PRELOAD_DISABLE
TIM1.AutomaticOutput=TIM_AUTOMATICOUTPUT_DISABLE
TIM1.Break2Filter=3
TIM1.Break2Polarity=TIM_BREAK2POLARITY_LOW
TIM1.Break2State=TIM_BREAK2_DISABLE
TIM1.BreakFilter=3
TIM1.BreakPolarity=TIM_BREAKPOLARITY_LOW
TIM1.BreakState=TIM_BREAK_ENABLE
TIM1.Channel=TIM_CHANNEL_4
TIM1.Channel-PWM\ Generation1\ CH1=TIM_CHANNEL_1
TIM1.Channel-PWM\ Generation2\ CH2=TIM_CHANNEL_2
TIM1.Channel-PWM\ Generation3\ CH3=TIM_CHANNEL_3
TIM1.Channel-PWM\ Generation4\ No\ Output=TIM_CHANNEL_4
TIM1.ClearInputSource=TIM_CLEARINPUTSOURCE_NONE
TIM1.ClockDivision=TIM_CLOCKDIVISION_DIV2
TIM1.CounterMode=TIM_COUNTERMODE_CENTERALIGNED1
TIM1.IPParameters=CounterMode,ClockDivision,AutoReloadPreload,TIM_SlaveMode,TIM_MasterSlaveMode,TIM_MasterOutputTrigger,TIM_MasterOutputTrigger2,BreakState,BreakPolarity,BreakFilter,Break2State,Break2Polarity,Break2Filter,AutomaticOutput,OffStateRunMode,OffStateIDLEMode,LockLevel,ClearInputSource,OCFastMode_PWM,Channel-PWM Generation1 CH1,OCMode_PWM-PWM Generation1 CH1,OC1Preload_PWM,OCIdleState_1,OCPolarity_1,Channel-PWM Generation2 CH2,OCMode_PWM-PWM Generation2 CH2,OC2Preload_PWM,OCIdleState_2,OCPolarity_2,Channel-PWM Generation3 CH3,OCMode_PWM-PWM Generation3 CH3,OC3Preload_PWM,OCIdleState_3,OCPolarity_3,Channel-PWM Generation4 No Output,OCMode_PWM-PWM Generation4 No Output,OC4Preload_PWM,OCPolarity_4,OCIdleState_4,Channel,Prescaler,Period,RepetitionCounter,Pulse-PWM Generation1 CH1,Pulse-PWM Generation2 CH2,Pulse-PWM Generation3 CH3,Pulse-PWM Generation4 No Output
TIM1.IPParametersWithoutCheck=Pulse-PWM Generation4 No Output,RepetitionCounter,Pulse-PWM Generation1 CH1,Pulse-PWM Generation2 CH2,Pulse-PWM Generation3 CH3,Prescaler,Period
TIM1.LockLevel=TIM_LOCKLEVEL_OFF
TIM1.OC1Preload_PWM=ENABLE
TIM1.OC2Preload_PWM=ENABLE
TIM1.OC3Preload_PWM=ENABLE
TIM1.OC4Preload_PWM=ENABLE
TIM1.OCFastMode_PWM=TIM_OCFAST_DISABLE
TIM1.OCIdleState_1=TIM_OCIDLESTATE_RESET
TIM1.OCIdleState_2=TIM_OCIDLESTATE_RESET
TIM1.OCIdleState_3=TIM_OCIDLESTATE_RESET
TIM1.OCIdleState_4=TIM_OCIDLESTATE_RESET
TIM1.OCMode_PWM-PWM\ Generation1\ CH1=TIM_OCMODE_PWM1
TIM1.OCMode_PWM-PWM\ Generation2\ CH2=TIM_OCMODE_PWM1
TIM1.OCMode_PWM-PWM\ Generation3\ CH3=TIM_OCMODE_PWM1
TIM1.OCMode_PWM-PWM\ Generation4\ No\ Output=TIM_OCMODE_PWM2
TIM1.OCPolarity_1=TIM_OCPOLARITY_HIGH
TIM1.OCPolarity_2=TIM_OCPOLARITY_HIGH
TIM1.OCPolarity_3=TIM_OCPOLARITY_HIGH
TIM1.OCPolarity_4=TIM_OCPOLARITY_HIGH
TIM1.OffStateIDLEMode=TIM_OSSI_ENABLE
TIM1.OffStateRunMode=TIM_OSSR_ENABLE
TIM1.Period=((PWM_PERIOD_CYCLES) / 2)
TIM1.Prescaler=((TIM_CLOCK_DIVIDER) - 1)
TIM1.Pulse-PWM\ Generation1\ CH1=((PWM_PERIOD_CYCLES) / 4)
TIM1.Pulse-PWM\ Generation2\ CH2=((PWM_PERIOD_CYCLES) / 4)
TIM1.Pulse-PWM\ Generation3\ CH3=((PWM_PERIOD_CYCLES) / 4)
TIM1.Pulse-PWM\ Generation4\ No\ Output=(((PWM_PERIOD_CYCLES) / 2) - (HTMIN))
TIM1.RepetitionCounter=(REP_COUNTER)
TIM1.TIM_MasterOutputTrigger=TIM_TRGO_OC4REF
TIM1.TIM_MasterOutputTrigger2=TIM_TRGO2_RESET
TIM1.TIM_MasterSlaveMode=TIM_MASTERSLAVEMODE_DISABLE
TIM1.TIM_SlaveMode=TIM_SLAVEMODE_TRIGGER
USART2.IPParameters=VirtualMode-Asynchronous
USART2.VirtualMode-Asynchronous=VM_ASYNC
VP_MotorControl_MC_ENABLED.Mode=Enabled
VP_MotorControl_MC_ENABLED.Signal=MotorControl_MC_ENABLED
VP_SYS_VS_Systick.Mode=SysTick
VP_SYS_VS_Systick.Signal=SYS_VS_Systick
VP_TIM1_VS_no_output4.Mode=PWM Generation4 No Output
VP_TIM1_VS_no_output4.Signal=TIM1_VS_no_output4
board=custom
isbadioc=false
